
Microsoft Visual Studio Solution File, Format Version 12.00
# Visual Studio 15
VisualStudioVersion = 15.0.28307.1062
MinimumVisualStudioVersion = 10.0.40219.1
Project("{FAE04EC0-301F-11D3-BF4B-00C04F79EFBC}") = "antsequence20th", "antsequence20th\antsequence20th.csproj", "{631BBDC0-FBFA-41D0-8CB9-A53415525251}"
EndProject
Global
	GlobalSection(SolutionConfigurationPlatforms) = preSolution
		Debug|Any CPU = Debug|Any CPU
		Release|Any CPU = Release|Any CPU
	EndGlobalSection
	GlobalSection(ProjectConfigurationPlatforms) = postSolution
		{631BBDC0-FBFA-41D0-8CB9-A53415525251}.Debug|Any CPU.ActiveCfg = Debug|Any CPU
		{631BBDC0-FBFA-41D0-8CB9-A53415525251}.Debug|Any CPU.Build.0 = Debug|Any CPU
		{631BBDC0-FBFA-41D0-8CB9-A53415525251}.Release|Any CPU.ActiveCfg = Release|Any CPU
		{631BBDC0-FBFA-41D0-8CB9-A53415525251}.Release|Any CPU.Build.0 = Release|Any CPU
	EndGlobalSection
	GlobalSection(SolutionProperties) = preSolution
		HideSolutionNode = FALSE
	EndGlobalSection
	GlobalSection(ExtensibilityGlobals) = postSolution
		SolutionGuid = {D86FF0DB-9D2B-46F5-B0A8-F0CC9243917C}
	EndGlobalSection
EndGlobal
